
Microsoft Visual Studio Solution File, Format Version 12.00
# Visual Studio 15
VisualStudioVersion = 15.0.28307.572
MinimumVisualStudioVersion = 10.0.40219.1
Project("{FAE04EC0-301F-11D3-BF4B-00C04F79EFBC}") = "Genetic AI", "Genetic AI.csproj", "{43F4E2C7-CEFE-40B7-B689-32EB9EDBBA8C}"
EndProject
Project("{9A19103F-16F7-4668-BE54-9A1E7A4F7556}") = "Newtonsoft.Json", "..\Newtonsoft.Json-12.0.2\Newtonsoft.Json-12.0.2\Src\Newtonsoft.Json\Newtonsoft.Json.csproj", "{BD835CC8-E958-4C90-8F29-A09ACDA28F20}"
EndProject
Global
	GlobalSection(SolutionConfigurationPlatforms) = preSolution
		Debug|Any CPU = Debug|Any CPU
		Release|Any CPU = Release|Any CPU
	EndGlobalSection
	GlobalSection(ProjectConfigurationPlatforms) = postSolution
		{43F4E2C7-CEFE-40B7-B689-32EB9EDBBA8C}.Debug|Any CPU.ActiveCfg = Debug|Any CPU
		{43F4E2C7-CEFE-40B7-B689-32EB9EDBBA8C}.Debug|Any CPU.Build.0 = Debug|Any CPU
		{43F4E2C7-CEFE-40B7-B689-32EB9EDBBA8C}.Release|Any CPU.ActiveCfg = Release|Any CPU
		{43F4E2C7-CEFE-40B7-B689-32EB9EDBBA8C}.Release|Any CPU.Build.0 = Release|Any CPU
		{BD835CC8-E958-4C90-8F29-A09ACDA28F20}.Debug|Any CPU.ActiveCfg = Debug|Any CPU
		{BD835CC8-E958-4C90-8F29-A09ACDA28F20}.Debug|Any CPU.Build.0 = Debug|Any CPU
		{BD835CC8-E958-4C90-8F29-A09ACDA28F20}.Release|Any CPU.ActiveCfg = Release|Any CPU
		{BD835CC8-E958-4C90-8F29-A09ACDA28F20}.Release|Any CPU.Build.0 = Release|Any CPU
	EndGlobalSection
	GlobalSection(SolutionProperties) = preSolution
		HideSolutionNode = FALSE
	EndGlobalSection
	GlobalSection(ExtensibilityGlobals) = postSolution
		SolutionGuid = {84F5F201-10A9-4F2E-89CF-09621848C256}
	EndGlobalSection
EndGlobal
